
Microsoft Visual Studio Solution File, Format Version 12.00
# Visual Studio Version 16
VisualStudioVersion = 16.0.29411.108
MinimumVisualStudioVersion = 10.0.40219.1
Project("{8BC9CEB8-8B4A-11D0-8D11-00A0C91BC942}") = "FinderServer", "FinderServer\FinderServer.vcxproj", "{42EF5F87-0AEB-42DA-A222-76AE56F0D9C2}"
EndProject
Project("{8BC9CEB8-8B4A-11D0-8D11-00A0C91BC942}") = "FinderClient", "..\FinderClient\FinderClient.vcxproj", "{BA92EACC-4EDE-4C3A-9094-541FFE88667E}"
EndProject
Global
	GlobalSection(SolutionConfigurationPlatforms) = preSolution
		Debug|x64 = Debug|x64
		Debug|x86 = Debug|x86
		Release|x64 = Release|x64
		Release|x86 = Release|x86
	EndGlobalSection
	GlobalSection(ProjectConfigurationPlatforms) = postSolution
		{42EF5F87-0AEB-42DA-A222-76AE56F0D9C2}.Debug|x64.ActiveCfg = Debug|x64
		{42EF5F87-0AEB-42DA-A222-76AE56F0D9C2}.Debug|x64.Build.0 = Debug|x64
		{42EF5F87-0AEB-42DA-A222-76AE56F0D9C2}.Debug|x86.ActiveCfg = Debug|Win32
		{42EF5F87-0AEB-42DA-A222-76AE56F0D9C2}.Debug|x86.Build.0 = Debug|Win32
		{42EF5F87-0AEB-42DA-A222-76AE56F0D9C2}.Release|x64.ActiveCfg = Release|x64
		{42EF5F87-0AEB-42DA-A222-76AE56F0D9C2}.Release|x64.Build.0 = Release|x64
		{42EF5F87-0AEB-42DA-A222-76AE56F0D9C2}.Release|x86.ActiveCfg = Release|Win32
		{42EF5F87-0AEB-42DA-A222-76AE56F0D9C2}.Release|x86.Build.0 = Release|Win32
		{BA92EACC-4EDE-4C3A-9094-541FFE88667E}.Debug|x64.ActiveCfg = Debug|x64
		{BA92EACC-4EDE-4C3A-9094-541FFE88667E}.Debug|x64.Build.0 = Debug|x64
		{BA92EACC-4EDE-4C3A-9094-541FFE88667E}.Debug|x86.ActiveCfg = Debug|Win32
		{BA92EACC-4EDE-4C3A-9094-541FFE88667E}.Debug|x86.Build.0 = Debug|Win32
		{BA92EACC-4EDE-4C3A-9094-541FFE88667E}.Release|x64.ActiveCfg = Release|x64
		{BA92EACC-4EDE-4C3A-9094-541FFE88667E}.Release|x64.Build.0 = Release|x64
		{BA92EACC-4EDE-4C3A-9094-541FFE88667E}.Release|x86.ActiveCfg = Release|Win32
		{BA92EACC-4EDE-4C3A-9094-541FFE88667E}.Release|x86.Build.0 = Release|Win32
	EndGlobalSection
	GlobalSection(SolutionProperties) = preSolution
		HideSolutionNode = FALSE
	EndGlobalSection
	GlobalSection(ExtensibilityGlobals) = postSolution
		SolutionGuid = {FC28C6EA-FFA2-4C91-94A2-5AD9864F6B9D}
	EndGlobalSection
EndGlobal
